
Microsoft Visual Studio Solution File, Format Version 12.00
# Visual Studio Version 16
VisualStudioVersion = 16.0.30523.141
MinimumVisualStudioVersion = 10.0.40219.1
Project("{FAE04EC0-301F-11D3-BF4B-00C04F79EFBC}") = "Web_TPC", "Web_TPC\Web_TPC.csproj", "{EA88B387-70CB-4E23-88BB-6D7F78E7CEF9}"
EndProject
Global
	GlobalSection(SolutionConfigurationPlatforms) = preSolution
		Debug|Any CPU = Debug|Any CPU
		Release|Any CPU = Release|Any CPU
	EndGlobalSection
	GlobalSection(ProjectConfigurationPlatforms) = postSolution
		{EA88B387-70CB-4E23-88BB-6D7F78E7CEF9}.Debug|Any CPU.ActiveCfg = Debug|Any CPU
		{EA88B387-70CB-4E23-88BB-6D7F78E7CEF9}.Debug|Any CPU.Build.0 = Debug|Any CPU
		{EA88B387-70CB-4E23-88BB-6D7F78E7CEF9}.Release|Any CPU.ActiveCfg = Release|Any CPU
		{EA88B387-70CB-4E23-88BB-6D7F78E7CEF9}.Release|Any CPU.Build.0 = Release|Any CPU
	EndGlobalSection
	GlobalSection(SolutionProperties) = preSolution
		HideSolutionNode = FALSE
	EndGlobalSection
	GlobalSection(ExtensibilityGlobals) = postSolution
		SolutionGuid = {2FE9D2B7-60AF-4244-946A-C128AD2877CC}
	EndGlobalSection
EndGlobal
